
Microsoft Visual Studio Solution File, Format Version 12.00
# Visual Studio Version 17
VisualStudioVersion = 17.12.35707.178 d17.12
MinimumVisualStudioVersion = 10.0.40219.1
Project("{FAE04EC0-301F-11D3-BF4B-00C04F79EFBC}") = "WoasPresentationsApp", "WoasPresentationsApp\WoasPresentationsApp.csproj", "{6A849668-4D26-410F-AB08-B6D1F744E94E}"
EndProject
Project("{FAE04EC0-301F-11D3-BF4B-00C04F79EFBC}") = "WoasPresentationsApp.Client", "WoasPresentationsApp.Client\WoasPresentationsApp.Client.csproj", "{2C343ED2-6037-4D7A-951B-FC6E98457D22}"
EndProject
Global
	GlobalSection(SolutionConfigurationPlatforms) = preSolution
		Debug|Any CPU = Debug|Any CPU
		Release|Any CPU = Release|Any CPU
	EndGlobalSection
	GlobalSection(ProjectConfigurationPlatforms) = postSolution
		{6A849668-4D26-410F-AB08-B6D1F744E94E}.Debug|Any CPU.ActiveCfg = Debug|Any CPU
		{6A849668-4D26-410F-AB08-B6D1F744E94E}.Debug|Any CPU.Build.0 = Debug|Any CPU
		{6A849668-4D26-410F-AB08-B6D1F744E94E}.Release|Any CPU.ActiveCfg = Release|Any CPU
		{6A849668-4D26-410F-AB08-B6D1F744E94E}.Release|Any CPU.Build.0 = Release|Any CPU
		{2C343ED2-6037-4D7A-951B-FC6E98457D22}.Debug|Any CPU.ActiveCfg = Debug|Any CPU
		{2C343ED2-6037-4D7A-951B-FC6E98457D22}.Debug|Any CPU.Build.0 = Debug|Any CPU
		{2C343ED2-6037-4D7A-951B-FC6E98457D22}.Release|Any CPU.ActiveCfg = Release|Any CPU
		{2C343ED2-6037-4D7A-951B-FC6E98457D22}.Release|Any CPU.Build.0 = Release|Any CPU
	EndGlobalSection
	GlobalSection(SolutionProperties) = preSolution
		HideSolutionNode = FALSE
	EndGlobalSection
EndGlobal
